
Microsoft Visual Studio Solution File, Format Version 12.00
# Visual Studio Version 17
VisualStudioVersion = 17.5.002.0
MinimumVisualStudioVersion = 10.0.40219.1
Project("{9A19103F-16F7-4668-BE54-9A1E7A4F7556}") = "String-for-C-", "String-for-C-.csproj", "{E6DDB028-58FB-471B-92AA-D26E644D20D4}"
EndProject
Global
	GlobalSection(SolutionConfigurationPlatforms) = preSolution
		Debug|Any CPU = Debug|Any CPU
		Release|Any CPU = Release|Any CPU
	EndGlobalSection
	GlobalSection(ProjectConfigurationPlatforms) = postSolution
		{E6DDB028-58FB-471B-92AA-D26E644D20D4}.Debug|Any CPU.ActiveCfg = Debug|Any CPU
		{E6DDB028-58FB-471B-92AA-D26E644D20D4}.Debug|Any CPU.Build.0 = Debug|Any CPU
		{E6DDB028-58FB-471B-92AA-D26E644D20D4}.Release|Any CPU.ActiveCfg = Release|Any CPU
		{E6DDB028-58FB-471B-92AA-D26E644D20D4}.Release|Any CPU.Build.0 = Release|Any CPU
	EndGlobalSection
	GlobalSection(SolutionProperties) = preSolution
		HideSolutionNode = FALSE
	EndGlobalSection
	GlobalSection(ExtensibilityGlobals) = postSolution
		SolutionGuid = {FB01EED9-75F6-44D9-8526-7CE425917457}
	EndGlobalSection
EndGlobal
